
Microsoft Visual Studio Solution File, Format Version 11.00
# Visual Studio 2010
Project("{FAE04EC0-301F-11D3-BF4B-00C04F79EFBC}") = "ExcelParser", "ExcelParser\ExcelParser.csproj", "{FF46C81C-1868-4663-BFDF-26F1081EA8C1}"
EndProject
Project("{FAE04EC0-301F-11D3-BF4B-00C04F79EFBC}") = "ExcelParser.Model", "ExcelParser.Model\ExcelParser.Model.csproj", "{39A6457F-318F-488E-A382-0C6DF77C8FB2}"
EndProject
Global
	GlobalSection(SolutionConfigurationPlatforms) = preSolution
		Debug|Any CPU = Debug|Any CPU
		Release|Any CPU = Release|Any CPU
	EndGlobalSection
	GlobalSection(ProjectConfigurationPlatforms) = postSolution
		{FF46C81C-1868-4663-BFDF-26F1081EA8C1}.Debug|Any CPU.ActiveCfg = Debug|Any CPU
		{FF46C81C-1868-4663-BFDF-26F1081EA8C1}.Debug|Any CPU.Build.0 = Debug|Any CPU
		{FF46C81C-1868-4663-BFDF-26F1081EA8C1}.Release|Any CPU.ActiveCfg = Release|Any CPU
		{FF46C81C-1868-4663-BFDF-26F1081EA8C1}.Release|Any CPU.Build.0 = Release|Any CPU
		{39A6457F-318F-488E-A382-0C6DF77C8FB2}.Debug|Any CPU.ActiveCfg = Debug|Any CPU
		{39A6457F-318F-488E-A382-0C6DF77C8FB2}.Debug|Any CPU.Build.0 = Debug|Any CPU
		{39A6457F-318F-488E-A382-0C6DF77C8FB2}.Release|Any CPU.ActiveCfg = Release|Any CPU
		{39A6457F-318F-488E-A382-0C6DF77C8FB2}.Release|Any CPU.Build.0 = Release|Any CPU
	EndGlobalSection
	GlobalSection(SolutionProperties) = preSolution
		HideSolutionNode = FALSE
	EndGlobalSection
EndGlobal
