
Microsoft Visual Studio Solution File, Format Version 11.00
# Visual Studio 2010
Project("{FAE04EC0-301F-11D3-BF4B-00C04F79EFBC}") = "ExcelParser.Core", "ExcelParser.Core\ExcelParser.Core.csproj", "{485C68EA-628C-4FE7-B750-415C5F0ADBFD}"
EndProject
Project("{FAE04EC0-301F-11D3-BF4B-00C04F79EFBC}") = "ExcelParser.Tests", "ExcelParser.Tests\ExcelParser.Tests.csproj", "{A4C6A400-4A70-4D2B-8C94-AE11CA1C8139}"
EndProject
Project("{2150E333-8FDC-42A3-9474-1A3956D46DE8}") = "Solution Items", "Solution Items", "{D3565C0D-E346-42BC-8A21-C5983120B251}"
	ProjectSection(SolutionItems) = preProject
		ExcelParser.vsmdi = ExcelParser.vsmdi
		Local.testsettings = Local.testsettings
		TraceAndTestImpact.testsettings = TraceAndTestImpact.testsettings
	EndProjectSection
EndProject
Project("{FAE04EC0-301F-11D3-BF4B-00C04F79EFBC}") = "ExcelParser.Model", "ExcelParser.Model\ExcelParser.Model.csproj", "{428F181C-3EC6-4715-B829-97B561813CF8}"
EndProject
Project("{FAE04EC0-301F-11D3-BF4B-00C04F79EFBC}") = "ExcelParser.Attributes", "ExcelParser.Attributes\ExcelParser.Attributes.csproj", "{509EC6BC-0D92-4CE5-9DAE-8578BB241DD6}"
EndProject
Project("{FAE04EC0-301F-11D3-BF4B-00C04F79EFBC}") = "ExcelParser.PropertyBinders", "ExcelParser.PropertyBinders\ExcelParser.PropertyBinders.csproj", "{612109C0-0B48-472C-B8EA-079B51A4A212}"
EndProject
Project("{FAE04EC0-301F-11D3-BF4B-00C04F79EFBC}") = "ExcelParser.Extensions", "ExcelParser.Extensions\ExcelParser.Extensions.csproj", "{16A9F584-735D-4D7C-90D9-B76F69ACE038}"
EndProject
Global
	GlobalSection(TestCaseManagementSettings) = postSolution
		CategoryFile = ExcelParser.vsmdi
	EndGlobalSection
	GlobalSection(SolutionConfigurationPlatforms) = preSolution
		Debug|Any CPU = Debug|Any CPU
		Release|Any CPU = Release|Any CPU
	EndGlobalSection
	GlobalSection(ProjectConfigurationPlatforms) = postSolution
		{485C68EA-628C-4FE7-B750-415C5F0ADBFD}.Debug|Any CPU.ActiveCfg = Debug|Any CPU
		{485C68EA-628C-4FE7-B750-415C5F0ADBFD}.Debug|Any CPU.Build.0 = Debug|Any CPU
		{485C68EA-628C-4FE7-B750-415C5F0ADBFD}.Release|Any CPU.ActiveCfg = Release|Any CPU
		{485C68EA-628C-4FE7-B750-415C5F0ADBFD}.Release|Any CPU.Build.0 = Release|Any CPU
		{A4C6A400-4A70-4D2B-8C94-AE11CA1C8139}.Debug|Any CPU.ActiveCfg = Debug|Any CPU
		{A4C6A400-4A70-4D2B-8C94-AE11CA1C8139}.Debug|Any CPU.Build.0 = Debug|Any CPU
		{A4C6A400-4A70-4D2B-8C94-AE11CA1C8139}.Release|Any CPU.ActiveCfg = Release|Any CPU
		{A4C6A400-4A70-4D2B-8C94-AE11CA1C8139}.Release|Any CPU.Build.0 = Release|Any CPU
		{428F181C-3EC6-4715-B829-97B561813CF8}.Debug|Any CPU.ActiveCfg = Debug|Any CPU
		{428F181C-3EC6-4715-B829-97B561813CF8}.Debug|Any CPU.Build.0 = Debug|Any CPU
		{428F181C-3EC6-4715-B829-97B561813CF8}.Release|Any CPU.ActiveCfg = Release|Any CPU
		{428F181C-3EC6-4715-B829-97B561813CF8}.Release|Any CPU.Build.0 = Release|Any CPU
		{509EC6BC-0D92-4CE5-9DAE-8578BB241DD6}.Debug|Any CPU.ActiveCfg = Debug|Any CPU
		{509EC6BC-0D92-4CE5-9DAE-8578BB241DD6}.Debug|Any CPU.Build.0 = Debug|Any CPU
		{509EC6BC-0D92-4CE5-9DAE-8578BB241DD6}.Release|Any CPU.ActiveCfg = Release|Any CPU
		{509EC6BC-0D92-4CE5-9DAE-8578BB241DD6}.Release|Any CPU.Build.0 = Release|Any CPU
		{612109C0-0B48-472C-B8EA-079B51A4A212}.Debug|Any CPU.ActiveCfg = Debug|Any CPU
		{612109C0-0B48-472C-B8EA-079B51A4A212}.Debug|Any CPU.Build.0 = Debug|Any CPU
		{612109C0-0B48-472C-B8EA-079B51A4A212}.Release|Any CPU.ActiveCfg = Release|Any CPU
		{612109C0-0B48-472C-B8EA-079B51A4A212}.Release|Any CPU.Build.0 = Release|Any CPU
		{16A9F584-735D-4D7C-90D9-B76F69ACE038}.Debug|Any CPU.ActiveCfg = Debug|Any CPU
		{16A9F584-735D-4D7C-90D9-B76F69ACE038}.Debug|Any CPU.Build.0 = Debug|Any CPU
		{16A9F584-735D-4D7C-90D9-B76F69ACE038}.Release|Any CPU.ActiveCfg = Release|Any CPU
		{16A9F584-735D-4D7C-90D9-B76F69ACE038}.Release|Any CPU.Build.0 = Release|Any CPU
	EndGlobalSection
	GlobalSection(SolutionProperties) = preSolution
		HideSolutionNode = FALSE
	EndGlobalSection
EndGlobal
